// !$*UTF8*$!
{
	archiveVersion = 1;
	classes = {
	};
	objectVersion = 46;
	objects = {

/* Begin PBXBuildFile section */
		A55B4C841E77092A0080002A /* AppDelegate.swift in Sources */ = {isa = PBXBuildFile; fileRef = A55B4C831E77092A0080002A /* AppDelegate.swift */; };
		A55B4C891E77092A0080002A /* Main.storyboard in Resources */ = {isa = PBXBuildFile; fileRef = A55B4C871E77092A0080002A /* Main.storyboard */; };
		A55B4C8B1E77092A0080002A /* Assets.xcassets in Resources */ = {isa = PBXBuildFile; fileRef = A55B4C8A1E77092A0080002A /* Assets.xcassets */; };
		A55B4C8E1E77092A0080002A /* LaunchScreen.storyboard in Resources */ = {isa = PBXBuildFile; fileRef = A55B4C8C1E77092A0080002A /* LaunchScreen.storyboard */; };
		A55B4CA41E7709D00080002A /* TodoItemsDatasource.swift in Sources */ = {isa = PBXBuildFile; fileRef = A55B4C951E7709D00080002A /* TodoItemsDatasource.swift */; };
		A55B4CA51E7709D00080002A /* ItemsListViewController.swift in Sources */ = {isa = PBXBuildFile; fileRef = A55B4C961E7709D00080002A /* ItemsListViewController.swift */; };
		A55B4CA61E7709D00080002A /* CoreTodoItem.swift in Sources */ = {isa = PBXBuildFile; fileRef = A55B4C971E7709D00080002A /* CoreTodoItem.swift */; };
		A55B4CA71E7709D00080002A /* Logger.swift in Sources */ = {isa = PBXBuildFile; fileRef = A55B4C981E7709D00080002A /* Logger.swift */; };
		A55B4CA81E7709D00080002A /* PersistantWriter.swift in Sources */ = {isa = PBXBuildFile; fileRef = A55B4C991E7709D00080002A /* PersistantWriter.swift */; };
		A55B4CA91E7709D00080002A /* TodoItem.swift in Sources */ = {isa = PBXBuildFile; fileRef = A55B4C9A1E7709D00080002A /* TodoItem.swift */; };
		A55B4CAA1E7709D00080002A /* ItemListCell.swift in Sources */ = {isa = PBXBuildFile; fileRef = A55B4C9B1E7709D00080002A /* ItemListCell.swift */; };
		A55B4CAB1E7709D00080002A /* TableViewCells.swift in Sources */ = {isa = PBXBuildFile; fileRef = A55B4C9C1E7709D00080002A /* TableViewCells.swift */; };
		A55B4CAC1E7709D00080002A /* KeyboardHandler.swift in Sources */ = {isa = PBXBuildFile; fileRef = A55B4C9D1E7709D00080002A /* KeyboardHandler.swift */; };
		A55B4CAD1E7709D00080002A /* ItemEditViewController.swift in Sources */ = {isa = PBXBuildFile; fileRef = A55B4C9E1E7709D00080002A /* ItemEditViewController.swift */; };
		A55B4CAE1E7709D00080002A /* UIViewExtensions.swift in Sources */ = {isa = PBXBuildFile; fileRef = A55B4C9F1E7709D00080002A /* UIViewExtensions.swift */; };
		A55B4CB01E7709D00080002A /* DismissSegue.swift in Sources */ = {isa = PBXBuildFile; fileRef = A55B4CA11E7709D00080002A /* DismissSegue.swift */; };
		A55B4CB11E7709D00080002A /* DeleteTodoItemAction.swift in Sources */ = {isa = PBXBuildFile; fileRef = A55B4CA21E7709D00080002A /* DeleteTodoItemAction.swift */; };
		A55B4CB21E7709D00080002A /* RealmManager.swift in Sources */ = {isa = PBXBuildFile; fileRef = A55B4CA31E7709D00080002A /* RealmManager.swift */; };
		A55B4CBD1E770A250080002A /* Realm.framework in Frameworks */ = {isa = PBXBuildFile; fileRef = A55B4CB41E770A030080002A /* Realm.framework */; };
		A55B4CBE1E770A250080002A /* Realm.framework in Embed Frameworks */ = {isa = PBXBuildFile; fileRef = A55B4CB41E770A030080002A /* Realm.framework */; settings = {ATTRIBUTES = (CodeSignOnCopy, RemoveHeadersOnCopy, ); }; };
		A55B4CBF1E770A250080002A /* RealmSwift.framework in Frameworks */ = {isa = PBXBuildFile; fileRef = A55B4CB51E770A030080002A /* RealmSwift.framework */; };
		A55B4CC01E770A250080002A /* RealmSwift.framework in Embed Frameworks */ = {isa = PBXBuildFile; fileRef = A55B4CB51E770A030080002A /* RealmSwift.framework */; settings = {ATTRIBUTES = (CodeSignOnCopy, RemoveHeadersOnCopy, ); }; };
		A55B4CC41E770A7D0080002A /* ViewController.swift in Sources */ = {isa = PBXBuildFile; fileRef = A55B4CC31E770A7D0080002A /* ViewController.swift */; };
		A5E7B6B41E7C061E006A8C70 /* ItemEditCellsCreator.swift in Sources */ = {isa = PBXBuildFile; fileRef = A5E7B6B31E7C061E006A8C70 /* ItemEditCellsCreator.swift */; };
/* End PBXBuildFile section */

/* Begin PBXCopyFilesBuildPhase section */
		A55B4CC11E770A250080002A /* Embed Frameworks */ = {
			isa = PBXCopyFilesBuildPhase;
			buildActionMask = 2147483647;
			dstPath = "";
			dstSubfolderSpec = 10;
			files = (
				A55B4CC01E770A250080002A /* RealmSwift.framework in Embed Frameworks */,
				A55B4CBE1E770A250080002A /* Realm.framework in Embed Frameworks */,
			);
			name = "Embed Frameworks";
			runOnlyForDeploymentPostprocessing = 0;
		};
/* End PBXCopyFilesBuildPhase section */

/* Begin PBXFileReference section */
		A55B4C801E77092A0080002A /* TodoSimple.app */ = {isa = PBXFileReference; explicitFileType = wrapper.application; includeInIndex = 0; path = TodoSimple.app; sourceTree = BUILT_PRODUCTS_DIR; };
		A55B4C831E77092A0080002A /* AppDelegate.swift */ = {isa = PBXFileReference; lastKnownFileType = sourcecode.swift; path = AppDelegate.swift; sourceTree = "<group>"; };
		A55B4C881E77092A0080002A /* Base */ = {isa = PBXFileReference; lastKnownFileType = file.storyboard; name = Base; path = Base.lproj/Main.storyboard; sourceTree = "<group>"; };
		A55B4C8A1E77092A0080002A /* Assets.xcassets */ = {isa = PBXFileReference; lastKnownFileType = folder.assetcatalog; path = Assets.xcassets; sourceTree = "<group>"; };
		A55B4C8D1E77092A0080002A /* Base */ = {isa = PBXFileReference; lastKnownFileType = file.storyboard; name = Base; path = Base.lproj/LaunchScreen.storyboard; sourceTree = "<group>"; };
		A55B4C8F1E77092A0080002A /* Info.plist */ = {isa = PBXFileReference; lastKnownFileType = text.plist.xml; path = Info.plist; sourceTree = "<group>"; };
		A55B4C951E7709D00080002A /* TodoItemsDatasource.swift */ = {isa = PBXFileReference; fileEncoding = 4; lastKnownFileType = sourcecode.swift; path = TodoItemsDatasource.swift; sourceTree = "<group>"; };
		A55B4C961E7709D00080002A /* ItemsListViewController.swift */ = {isa = PBXFileReference; fileEncoding = 4; lastKnownFileType = sourcecode.swift; path = ItemsListViewController.swift; sourceTree = "<group>"; };
		A55B4C971E7709D00080002A /* CoreTodoItem.swift */ = {isa = PBXFileReference; fileEncoding = 4; lastKnownFileType = sourcecode.swift; path = CoreTodoItem.swift; sourceTree = "<group>"; };
		A55B4C981E7709D00080002A /* Logger.swift */ = {isa = PBXFileReference; fileEncoding = 4; lastKnownFileType = sourcecode.swift; path = Logger.swift; sourceTree = "<group>"; };
		A55B4C991E7709D00080002A /* PersistantWriter.swift */ = {isa = PBXFileReference; fileEncoding = 4; lastKnownFileType = sourcecode.swift; path = PersistantWriter.swift; sourceTree = "<group>"; };
		A55B4C9A1E7709D00080002A /* TodoItem.swift */ = {isa = PBXFileReference; fileEncoding = 4; lastKnownFileType = sourcecode.swift; path = TodoItem.swift; sourceTree = "<group>"; };
		A55B4C9B1E7709D00080002A /* ItemListCell.swift */ = {isa = PBXFileReference; fileEncoding = 4; lastKnownFileType = sourcecode.swift; path = ItemListCell.swift; sourceTree = "<group>"; };
		A55B4C9C1E7709D00080002A /* TableViewCells.swift */ = {isa = PBXFileReference; fileEncoding = 4; lastKnownFileType = sourcecode.swift; path = TableViewCells.swift; sourceTree = "<group>"; };
		A55B4C9D1E7709D00080002A /* KeyboardHandler.swift */ = {isa = PBXFileReference; fileEncoding = 4; lastKnownFileType = sourcecode.swift; path = KeyboardHandler.swift; sourceTree = "<group>"; };
		A55B4C9E1E7709D00080002A /* ItemEditViewController.swift */ = {isa = PBXFileReference; fileEncoding = 4; lastKnownFileType = sourcecode.swift; path = ItemEditViewController.swift; sourceTree = "<group>"; };
		A55B4C9F1E7709D00080002A /* UIViewExtensions.swift */ = {isa = PBXFileReference; fileEncoding = 4; lastKnownFileType = sourcecode.swift; path = UIViewExtensions.swift; sourceTree = "<group>"; };
		A55B4CA11E7709D00080002A /* DismissSegue.swift */ = {isa = PBXFileReference; fileEncoding = 4; lastKnownFileType = sourcecode.swift; path = DismissSegue.swift; sourceTree = "<group>"; };
		A55B4CA21E7709D00080002A /* DeleteTodoItemAction.swift */ = {isa = PBXFileReference; fileEncoding = 4; lastKnownFileType = sourcecode.swift; path = DeleteTodoItemAction.swift; sourceTree = "<group>"; };
		A55B4CA31E7709D00080002A /* RealmManager.swift */ = {isa = PBXFileReference; fileEncoding = 4; lastKnownFileType = sourcecode.swift; path = RealmManager.swift; sourceTree = "<group>"; };
		A55B4CB41E770A030080002A /* Realm.framework */ = {isa = PBXFileReference; lastKnownFileType = wrapper.framework; path = Realm.framework; sourceTree = "<group>"; };
		A55B4CB51E770A030080002A /* RealmSwift.framework */ = {isa = PBXFileReference; lastKnownFileType = wrapper.framework; path = RealmSwift.framework; sourceTree = "<group>"; };
		A55B4CC31E770A7D0080002A /* ViewController.swift */ = {isa = PBXFileReference; fileEncoding = 4; lastKnownFileType = sourcecode.swift; path = ViewController.swift; sourceTree = "<group>"; };
		A5E7B6B31E7C061E006A8C70 /* ItemEditCellsCreator.swift */ = {isa = PBXFileReference; fileEncoding = 4; lastKnownFileType = sourcecode.swift; path = ItemEditCellsCreator.swift; sourceTree = "<group>"; };
/* End PBXFileReference section */

/* Begin PBXFrameworksBuildPhase section */
		A55B4C7D1E77092A0080002A /* Frameworks */ = {
			isa = PBXFrameworksBuildPhase;
			buildActionMask = 2147483647;
			files = (
				A55B4CBF1E770A250080002A /* RealmSwift.framework in Frameworks */,
				A55B4CBD1E770A250080002A /* Realm.framework in Frameworks */,
			);
			runOnlyForDeploymentPostprocessing = 0;
		};
/* End PBXFrameworksBuildPhase section */

/* Begin PBXGroup section */
		A55B4C771E77092A0080002A = {
			isa = PBXGroup;
			children = (
				A55B4CB31E7709F70080002A /* Frameworks */,
				A55B4C821E77092A0080002A /* TodoSimple */,
				A55B4C811E77092A0080002A /* Products */,
			);
			sourceTree = "<group>";
		};
		A55B4C811E77092A0080002A /* Products */ = {
			isa = PBXGroup;
			children = (
				A55B4C801E77092A0080002A /* TodoSimple.app */,
			);
			name = Products;
			sourceTree = "<group>";
		};
		A55B4C821E77092A0080002A /* TodoSimple */ = {
			isa = PBXGroup;
			children = (
				A55B4CC91E770BD20080002A /* UI Common */,
				A55B4CC81E770B970080002A /* Realm Kit */,
				A55B4CC71E770B860080002A /* Utils */,
				A55B4CC61E770B710080002A /* Cells */,
				A55B4CC51E770B5C0080002A /* ViewControllers */,
				A55B4C831E77092A0080002A /* AppDelegate.swift */,
				A55B4C871E77092A0080002A /* Main.storyboard */,
				A55B4C8A1E77092A0080002A /* Assets.xcassets */,
				A55B4C8C1E77092A0080002A /* LaunchScreen.storyboard */,
				A55B4C8F1E77092A0080002A /* Info.plist */,
			);
			path = TodoSimple;
			sourceTree = "<group>";
		};
		A55B4CB31E7709F70080002A /* Frameworks */ = {
			isa = PBXGroup;
			children = (
				A55B4CB41E770A030080002A /* Realm.framework */,
				A55B4CB51E770A030080002A /* RealmSwift.framework */,
			);
			name = Frameworks;
			sourceTree = "<group>";
		};
		A55B4CC51E770B5C0080002A /* ViewControllers */ = {
			isa = PBXGroup;
			children = (
				A5E7B6B21E7C060D006A8C70 /* ItemEdit */,
				A55B4C951E7709D00080002A /* TodoItemsDatasource.swift */,
				A55B4CC31E770A7D0080002A /* ViewController.swift */,
				A55B4C961E7709D00080002A /* ItemsListViewController.swift */,
			);
			name = ViewControllers;
			sourceTree = "<group>";
		};
		A55B4CC61E770B710080002A /* Cells */ = {
			isa = PBXGroup;
			children = (
				A55B4C9B1E7709D00080002A /* ItemListCell.swift */,
				A55B4C9C1E7709D00080002A /* TableViewCells.swift */,
			);
			name = Cells;
			sourceTree = "<group>";
		};
		A55B4CC71E770B860080002A /* Utils */ = {
			isa = PBXGroup;
			children = (
				A55B4C9D1E7709D00080002A /* KeyboardHandler.swift */,
				A55B4C981E7709D00080002A /* Logger.swift */,
			);
			name = Utils;
			sourceTree = "<group>";
		};
		A55B4CC81E770B970080002A /* Realm Kit */ = {
			isa = PBXGroup;
			children = (
				A55B4CA31E7709D00080002A /* RealmManager.swift */,
				A55B4C971E7709D00080002A /* CoreTodoItem.swift */,
				A55B4C9A1E7709D00080002A /* TodoItem.swift */,
				A55B4C991E7709D00080002A /* PersistantWriter.swift */,
				A55B4CA21E7709D00080002A /* DeleteTodoItemAction.swift */,
			);
			name = "Realm Kit";
			sourceTree = "<group>";
		};
		A55B4CC91E770BD20080002A /* UI Common */ = {
			isa = PBXGroup;
			children = (
				A55B4C9F1E7709D00080002A /* UIViewExtensions.swift */,
				A55B4CA11E7709D00080002A /* DismissSegue.swift */,
			);
			name = "UI Common";
			sourceTree = "<group>";
		};
		A5E7B6B21E7C060D006A8C70 /* ItemEdit */ = {
			isa = PBXGroup;
			children = (
				A55B4C9E1E7709D00080002A /* ItemEditViewController.swift */,
				A5E7B6B31E7C061E006A8C70 /* ItemEditCellsCreator.swift */,
			);
			name = ItemEdit;
			sourceTree = "<group>";
		};
/* End PBXGroup section */

/* Begin PBXNativeTarget section */
		A55B4C7F1E77092A0080002A /* TodoSimple */ = {
			isa = PBXNativeTarget;
			buildConfigurationList = A55B4C921E77092A0080002A /* Build configuration list for PBXNativeTarget "TodoSimple" */;
			buildPhases = (
				A55B4C7C1E77092A0080002A /* Sources */,
				A55B4C7D1E77092A0080002A /* Frameworks */,
				A55B4C7E1E77092A0080002A /* Resources */,
				A55B4CC11E770A250080002A /* Embed Frameworks */,
				A55B4CC21E770A4B0080002A /* ShellScript */,
			);
			buildRules = (
			);
			dependencies = (
			);
			name = TodoSimple;
			productName = TodoSimple;
			productReference = A55B4C801E77092A0080002A /* TodoSimple.app */;
			productType = "com.apple.product-type.application";
		};
/* End PBXNativeTarget section */

/* Begin PBXProject section */
		A55B4C781E77092A0080002A /* Project object */ = {
			isa = PBXProject;
			attributes = {
				LastSwiftUpdateCheck = 0820;
				LastUpgradeCheck = 0820;
				ORGANIZATIONNAME = SergeyK;
				TargetAttributes = {
					A55B4C7F1E77092A0080002A = {
						CreatedOnToolsVersion = 8.2.1;
						ProvisioningStyle = Automatic;
					};
				};
			};
			buildConfigurationList = A55B4C7B1E77092A0080002A /* Build configuration list for PBXProject "TodoSimple" */;
			compatibilityVersion = "Xcode 3.2";
			developmentRegion = English;
			hasScannedForEncodings = 0;
			knownRegions = (
				en,
				Base,
			);
			mainGroup = A55B4C771E77092A0080002A;
			productRefGroup = A55B4C811E77092A0080002A /* Products */;
			projectDirPath = "";
			projectRoot = "";
			targets = (
				A55B4C7F1E77092A0080002A /* TodoSimple */,
			);
		};
/* End PBXProject section */

/* Begin PBXResourcesBuildPhase section */
		A55B4C7E1E77092A0080002A /* Resources */ = {
			isa = PBXResourcesBuildPhase;
			buildActionMask = 2147483647;
			files = (
				A55B4C8E1E77092A0080002A /* LaunchScreen.storyboard in Resources */,
				A55B4C8B1E77092A0080002A /* Assets.xcassets in Resources */,
				A55B4C891E77092A0080002A /* Main.storyboard in Resources */,
			);
			runOnlyForDeploymentPostprocessing = 0;
		};
/* End PBXResourcesBuildPhase section */

/* Begin PBXShellScriptBuildPhase section */
		A55B4CC21E770A4B0080002A /* ShellScript */ = {
			isa = PBXShellScriptBuildPhase;
			buildActionMask = 2147483647;
			files = (
			);
			inputPaths = (
			);
			outputPaths = (
			);
			runOnlyForDeploymentPostprocessing = 0;
			shellPath = /bin/sh;
			shellScript = "bash \"${BUILT_PRODUCTS_DIR}/${FRAMEWORKS_FOLDER_PATH}/Realm.framework/strip-frameworks.sh\"\n";
		};
/* End PBXShellScriptBuildPhase section */

/* Begin PBXSourcesBuildPhase section */
		A55B4C7C1E77092A0080002A /* Sources */ = {
			isa = PBXSourcesBuildPhase;
			buildActionMask = 2147483647;
			files = (
				A55B4CAA1E7709D00080002A /* ItemListCell.swift in Sources */,
				A55B4CA91E7709D00080002A /* TodoItem.swift in Sources */,
				A55B4CB01E7709D00080002A /* DismissSegue.swift in Sources */,
				A55B4CAD1E7709D00080002A /* ItemEditViewController.swift in Sources */,
				A55B4CA71E7709D00080002A /* Logger.swift in Sources */,
				A55B4C841E77092A0080002A /* AppDelegate.swift in Sources */,
				A55B4CA41E7709D00080002A /* TodoItemsDatasource.swift in Sources */,
				A5E7B6B41E7C061E006A8C70 /* ItemEditCellsCreator.swift in Sources */,
				A55B4CAC1E7709D00080002A /* KeyboardHandler.swift in Sources */,
				A55B4CA51E7709D00080002A /* ItemsListViewController.swift in Sources */,
				A55B4CC41E770A7D0080002A /* ViewController.swift in Sources */,
				A55B4CB21E7709D00080002A /* RealmManager.swift in Sources */,
				A55B4CA61E7709D00080002A /* CoreTodoItem.swift in Sources */,
				A55B4CB11E7709D00080002A /* DeleteTodoItemAction.swift in Sources */,
				A55B4CAB1E7709D00080002A /* TableViewCells.swift in Sources */,
				A55B4CAE1E7709D00080002A /* UIViewExtensions.swift in Sources */,
				A55B4CA81E7709D00080002A /* PersistantWriter.swift in Sources */,
			);
			runOnlyForDeploymentPostprocessing = 0;
		};
/* End PBXSourcesBuildPhase section */

/* Begin PBXVariantGroup section */
		A55B4C871E77092A0080002A /* Main.storyboard */ = {
			isa = PBXVariantGroup;
			children = (
				A55B4C881E77092A0080002A /* Base */,
			);
			name = Main.storyboard;
			sourceTree = "<group>";
		};
		A55B4C8C1E77092A0080002A /* LaunchScreen.storyboard */ = {
			isa = PBXVariantGroup;
			children = (
				A55B4C8D1E77092A0080002A /* Base */,
			);
			name = LaunchScreen.storyboard;
			sourceTree = "<group>";
		};
/* End PBXVariantGroup section */

/* Begin XCBuildConfiguration section */
		A55B4C901E77092A0080002A /* Debug */ = {
			isa = XCBuildConfiguration;
			buildSettings = {
				ALWAYS_SEARCH_USER_PATHS = NO;
				CLANG_ANALYZER_NONNULL = YES;
				CLANG_CXX_LANGUAGE_STANDARD = "gnu++0x";
				CLANG_CXX_LIBRARY = "libc++";
				CLANG_ENABLE_MODULES = YES;
				CLANG_ENABLE_OBJC_ARC = YES;
				CLANG_WARN_BOOL_CONVERSION = YES;
				CLANG_WARN_CONSTANT_CONVERSION = YES;
				CLANG_WARN_DIRECT_OBJC_ISA_USAGE = YES_ERROR;
				CLANG_WARN_DOCUMENTATION_COMMENTS = YES;
				CLANG_WARN_EMPTY_BODY = YES;
				CLANG_WARN_ENUM_CONVERSION = YES;
				CLANG_WARN_INFINITE_RECURSION = YES;
				CLANG_WARN_INT_CONVERSION = YES;
				CLANG_WARN_OBJC_ROOT_CLASS = YES_ERROR;
				CLANG_WARN_SUSPICIOUS_MOVE = YES;
				CLANG_WARN_UNREACHABLE_CODE = YES;
				CLANG_WARN__DUPLICATE_METHOD_MATCH = YES;
				"CODE_SIGN_IDENTITY[sdk=iphoneos*]" = "iPhone Developer";
				COPY_PHASE_STRIP = NO;
				DEBUG_INFORMATION_FORMAT = dwarf;
				ENABLE_STRICT_OBJC_MSGSEND = YES;
				ENABLE_TESTABILITY = YES;
				GCC_C_LANGUAGE_STANDARD = gnu99;
				GCC_DYNAMIC_NO_PIC = NO;
				GCC_NO_COMMON_BLOCKS = YES;
				GCC_OPTIMIZATION_LEVEL = 0;
				GCC_PREPROCESSOR_DEFINITIONS = (
					"DEBUG=1",
					"$(inherited)",
				);
				GCC_WARN_64_TO_32_BIT_CONVERSION = YES;
				GCC_WARN_ABOUT_RETURN_TYPE = YES_ERROR;
				GCC_WARN_UNDECLARED_SELECTOR = YES;
				GCC_WARN_UNINITIALIZED_AUTOS = YES_AGGRESSIVE;
				GCC_WARN_UNUSED_FUNCTION = YES;
				GCC_WARN_UNUSED_VARIABLE = YES;
				IPHONEOS_DEPLOYMENT_TARGET = 10.2;
				MTL_ENABLE_DEBUG_INFO = YES;
				ONLY_ACTIVE_ARCH = YES;
				SDKROOT = iphoneos;
				SWIFT_ACTIVE_COMPILATION_CONDITIONS = DEBUG;
				SWIFT_OPTIMIZATION_LEVEL = "-Onone";
			};
			name = Debug;
		};
		A55B4C911E77092A0080002A /* Release */ = {
			isa = XCBuildConfiguration;
			buildSettings = {
				ALWAYS_SEARCH_USER_PATHS = NO;
				CLANG_ANALYZER_NONNULL = YES;
				CLANG_CXX_LANGUAGE_STANDARD = "gnu++0x";
				CLANG_CXX_LIBRARY = "libc++";
				CLANG_ENABLE_MODULES = YES;
				CLANG_ENABLE_OBJC_ARC = YES;
				CLANG_WARN_BOOL_CONVERSION = YES;
				CLANG_WARN_CONSTANT_CONVERSION = YES;
				CLANG_WARN_DIRECT_OBJC_ISA_USAGE = YES_ERROR;
				CLANG_WARN_DOCUMENTATION_COMMENTS = YES;
				CLANG_WARN_EMPTY_BODY = YES;
				CLANG_WARN_ENUM_CONVERSION = YES;
				CLANG_WARN_INFINITE_RECURSION = YES;
				CLANG_WARN_INT_CONVERSION = YES;
				CLANG_WARN_OBJC_ROOT_CLASS = YES_ERROR;
				CLANG_WARN_SUSPICIOUS_MOVE = YES;
				CLANG_WARN_UNREACHABLE_CODE = YES;
				CLANG_WARN__DUPLICATE_METHOD_MATCH = YES;
				"CODE_SIGN_IDENTITY[sdk=iphoneos*]" = "iPhone Developer";
				COPY_PHASE_STRIP = NO;
				DEBUG_INFORMATION_FORMAT = "dwarf-with-dsym";
				ENABLE_NS_ASSERTIONS = NO;
				ENABLE_STRICT_OBJC_MSGSEND = YES;
				GCC_C_LANGUAGE_STANDARD = gnu99;
				GCC_NO_COMMON_BLOCKS = YES;
				GCC_WARN_64_TO_32_BIT_CONVERSION = YES;
				GCC_WARN_ABOUT_RETURN_TYPE = YES_ERROR;
				GCC_WARN_UNDECLARED_SELECTOR = YES;
				GCC_WARN_UNINITIALIZED_AUTOS = YES_AGGRESSIVE;
				GCC_WARN_UNUSED_FUNCTION = YES;
				GCC_WARN_UNUSED_VARIABLE = YES;
				IPHONEOS_DEPLOYMENT_TARGET = 10.2;
				MTL_ENABLE_DEBUG_INFO = NO;
				SDKROOT = iphoneos;
				SWIFT_OPTIMIZATION_LEVEL = "-Owholemodule";
				VALIDATE_PRODUCT = YES;
			};
			name = Release;
		};
		A55B4C931E77092A0080002A /* Debug */ = {
			isa = XCBuildConfiguration;
			buildSettings = {
				ASSETCATALOG_COMPILER_APPICON_NAME = AppIcon;
				FRAMEWORK_SEARCH_PATHS = (
					"$(inherited)",
					"$(PROJECT_DIR)",
				);
				INFOPLIST_FILE = TodoSimple/Info.plist;
				LD_RUNPATH_SEARCH_PATHS = "$(inherited) @executable_path/Frameworks";
				PRODUCT_BUNDLE_IDENTIFIER = com.krasnosergey.TodoSimple;
				PRODUCT_NAME = "$(TARGET_NAME)";
				SWIFT_VERSION = 3.0;
			};
			name = Debug;
		};
		A55B4C941E77092A0080002A /* Release */ = {
			isa = XCBuildConfiguration;
			buildSettings = {
				ASSETCATALOG_COMPILER_APPICON_NAME = AppIcon;
				FRAMEWORK_SEARCH_PATHS = (
					"$(inherited)",
					"$(PROJECT_DIR)",
				);
				INFOPLIST_FILE = TodoSimple/Info.plist;
				LD_RUNPATH_SEARCH_PATHS = "$(inherited) @executable_path/Frameworks";
				PRODUCT_BUNDLE_IDENTIFIER = com.krasnosergey.TodoSimple;
				PRODUCT_NAME = "$(TARGET_NAME)";
				SWIFT_VERSION = 3.0;
			};
			name = Release;
		};
/* End XCBuildConfiguration section */

/* Begin XCConfigurationList section */
		A55B4C7B1E77092A0080002A /* Build configuration list for PBXProject "TodoSimple" */ = {
			isa = XCConfigurationList;
			buildConfigurations = (
				A55B4C901E77092A0080002A /* Debug */,
				A55B4C911E77092A0080002A /* Release */,
			);
			defaultConfigurationIsVisible = 0;
			defaultConfigurationName = Release;
		};
		A55B4C921E77092A0080002A /* Build configuration list for PBXNativeTarget "TodoSimple" */ = {
			isa = XCConfigurationList;
			buildConfigurations = (
				A55B4C931E77092A0080002A /* Debug */,
				A55B4C941E77092A0080002A /* Release */,
			);
			defaultConfigurationIsVisible = 0;
			defaultConfigurationName = Release;
		};
/* End XCConfigurationList section */
	};
	rootObject = A55B4C781E77092A0080002A /* Project object */;
}
